// !$*UTF8*$!
{
	archiveVersion = 1;
	classes = {
	};
	objectVersion = 46;
	objects = {

/* Begin PBXBuildFile section */
		2A3E90DC1C6D6FD2005FC651 /* AppDelegate.swift in Sources */ = {isa = PBXBuildFile; fileRef = 2A3E90DB1C6D6FD2005FC651 /* AppDelegate.swift */; };
		2A3E90DE1C6D6FD2005FC651 /* ViewController.swift in Sources */ = {isa = PBXBuildFile; fileRef = 2A3E90DD1C6D6FD2005FC651 /* ViewController.swift */; };
		2A3E90E11C6D6FD2005FC651 /* Main.storyboard in Resources */ = {isa = PBXBuildFile; fileRef = 2A3E90DF1C6D6FD2005FC651 /* Main.storyboard */; };
		2A3E90E31C6D6FD2005FC651 /* Assets.xcassets in Resources */ = {isa = PBXBuildFile; fileRef = 2A3E90E21C6D6FD2005FC651 /* Assets.xcassets */; };
		2A3E90E61C6D6FD2005FC651 /* LaunchScreen.storyboard in Resources */ = {isa = PBXBuildFile; fileRef = 2A3E90E41C6D6FD2005FC651 /* LaunchScreen.storyboard */; };
		2A3E90F11C6D6FD2005FC651 /* SplitCalcTests.swift in Sources */ = {isa = PBXBuildFile; fileRef = 2A3E90F01C6D6FD2005FC651 /* SplitCalcTests.swift */; };
		2A3E90FC1C6D6FD2005FC651 /* SplitCalcUITests.swift in Sources */ = {isa = PBXBuildFile; fileRef = 2A3E90FB1C6D6FD2005FC651 /* SplitCalcUITests.swift */; };
/* End PBXBuildFile section */

/* Begin PBXContainerItemProxy section */
		2A3E90ED1C6D6FD2005FC651 /* PBXContainerItemProxy */ = {
			isa = PBXContainerItemProxy;
			containerPortal = 2A3E90D01C6D6FD2005FC651 /* Project object */;
			proxyType = 1;
			remoteGlobalIDString = 2A3E90D71C6D6FD2005FC651;
			remoteInfo = SplitCalc;
		};
		2A3E90F81C6D6FD2005FC651 /* PBXContainerItemProxy */ = {
			isa = PBXContainerItemProxy;
			containerPortal = 2A3E90D01C6D6FD2005FC651 /* Project object */;
			proxyType = 1;
			remoteGlobalIDString = 2A3E90D71C6D6FD2005FC651;
			remoteInfo = SplitCalc;
		};
/* End PBXContainerItemProxy section */

/* Begin PBXFileReference section */
		2A3E90D81C6D6FD2005FC651 /* SplitCalc.app */ = {isa = PBXFileReference; explicitFileType = wrapper.application; includeInIndex = 0; path = SplitCalc.app; sourceTree = BUILT_PRODUCTS_DIR; };
		2A3E90DB1C6D6FD2005FC651 /* AppDelegate.swift */ = {isa = PBXFileReference; lastKnownFileType = sourcecode.swift; path = AppDelegate.swift; sourceTree = "<group>"; };
		2A3E90DD1C6D6FD2005FC651 /* ViewController.swift */ = {isa = PBXFileReference; lastKnownFileType = sourcecode.swift; path = ViewController.swift; sourceTree = "<group>"; };
		2A3E90E01C6D6FD2005FC651 /* Base */ = {isa = PBXFileReference; lastKnownFileType = file.storyboard; name = Base; path = Base.lproj/Main.storyboard; sourceTree = "<group>"; };
		2A3E90E21C6D6FD2005FC651 /* Assets.xcassets */ = {isa = PBXFileReference; lastKnownFileType = folder.assetcatalog; path = Assets.xcassets; sourceTree = "<group>"; };
		2A3E90E51C6D6FD2005FC651 /* Base */ = {isa = PBXFileReference; lastKnownFileType = file.storyboard; name = Base; path = Base.lproj/LaunchScreen.storyboard; sourceTree = "<group>"; };
		2A3E90E71C6D6FD2005FC651 /* Info.plist */ = {isa = PBXFileReference; lastKnownFileType = text.plist.xml; path = Info.plist; sourceTree = "<group>"; };
		2A3E90EC1C6D6FD2005FC651 /* SplitCalcTests.xctest */ = {isa = PBXFileReference; explicitFileType = wrapper.cfbundle; includeInIndex = 0; path = SplitCalcTests.xctest; sourceTree = BUILT_PRODUCTS_DIR; };
		2A3E90F01C6D6FD2005FC651 /* SplitCalcTests.swift */ = {isa = PBXFileReference; lastKnownFileType = sourcecode.swift; path = SplitCalcTests.swift; sourceTree = "<group>"; };
		2A3E90F21C6D6FD2005FC651 /* Info.plist */ = {isa = PBXFileReference; lastKnownFileType = text.plist.xml; path = Info.plist; sourceTree = "<group>"; };
		2A3E90F71C6D6FD2005FC651 /* SplitCalcUITests.xctest */ = {isa = PBXFileReference; explicitFileType = wrapper.cfbundle; includeInIndex = 0; path = SplitCalcUITests.xctest; sourceTree = BUILT_PRODUCTS_DIR; };
		2A3E90FB1C6D6FD2005FC651 /* SplitCalcUITests.swift */ = {isa = PBXFileReference; lastKnownFileType = sourcecode.swift; path = SplitCalcUITests.swift; sourceTree = "<group>"; };
		2A3E90FD1C6D6FD2005FC651 /* Info.plist */ = {isa = PBXFileReference; lastKnownFileType = text.plist.xml; path = Info.plist; sourceTree = "<group>"; };
/* End PBXFileReference section */

/* Begin PBXFrameworksBuildPhase section */
		2A3E90D51C6D6FD2005FC651 /* Frameworks */ = {
			isa = PBXFrameworksBuildPhase;
			buildActionMask = 2147483647;
			files = (
			);
			runOnlyForDeploymentPostprocessing = 0;
		};
		2A3E90E91C6D6FD2005FC651 /* Frameworks */ = {
			isa = PBXFrameworksBuildPhase;
			buildActionMask = 2147483647;
			files = (
			);
			runOnlyForDeploymentPostprocessing = 0;
		};
		2A3E90F41C6D6FD2005FC651 /* Frameworks */ = {
			isa = PBXFrameworksBuildPhase;
			buildActionMask = 2147483647;
			files = (
			);
			runOnlyForDeploymentPostprocessing = 0;
		};
/* End PBXFrameworksBuildPhase section */

/* Begin PBXGroup section */
		2A3E90CF1C6D6FD2005FC651 = {
			isa = PBXGroup;
			children = (
				2A3E90DA1C6D6FD2005FC651 /* SplitCalc */,
				2A3E90EF1C6D6FD2005FC651 /* SplitCalcTests */,
				2A3E90FA1C6D6FD2005FC651 /* SplitCalcUITests */,
				2A3E90D91C6D6FD2005FC651 /* Products */,
			);
			sourceTree = "<group>";
		};
		2A3E90D91C6D6FD2005FC651 /* Products */ = {
			isa = PBXGroup;
			children = (
				2A3E90D81C6D6FD2005FC651 /* SplitCalc.app */,
				2A3E90EC1C6D6FD2005FC651 /* SplitCalcTests.xctest */,
				2A3E90F71C6D6FD2005FC651 /* SplitCalcUITests.xctest */,
			);
			name = Products;
			sourceTree = "<group>";
		};
		2A3E90DA1C6D6FD2005FC651 /* SplitCalc */ = {
			isa = PBXGroup;
			children = (
				2A3E90DB1C6D6FD2005FC651 /* AppDelegate.swift */,
				2A3E90DD1C6D6FD2005FC651 /* ViewController.swift */,
				2A3E90DF1C6D6FD2005FC651 /* Main.storyboard */,
				2A3E90E21C6D6FD2005FC651 /* Assets.xcassets */,
				2A3E90E41C6D6FD2005FC651 /* LaunchScreen.storyboard */,
				2A3E90E71C6D6FD2005FC651 /* Info.plist */,
			);
			path = SplitCalc;
			sourceTree = "<group>";
		};
		2A3E90EF1C6D6FD2005FC651 /* SplitCalcTests */ = {
			isa = PBXGroup;
			children = (
				2A3E90F01C6D6FD2005FC651 /* SplitCalcTests.swift */,
				2A3E90F21C6D6FD2005FC651 /* Info.plist */,
			);
			path = SplitCalcTests;
			sourceTree = "<group>";
		};
		2A3E90FA1C6D6FD2005FC651 /* SplitCalcUITests */ = {
			isa = PBXGroup;
			children = (
				2A3E90FB1C6D6FD2005FC651 /* SplitCalcUITests.swift */,
				2A3E90FD1C6D6FD2005FC651 /* Info.plist */,
			);
			path = SplitCalcUITests;
			sourceTree = "<group>";
		};
/* End PBXGroup section */

/* Begin PBXNativeTarget section */
		2A3E90D71C6D6FD2005FC651 /* SplitCalc */ = {
			isa = PBXNativeTarget;
			buildConfigurationList = 2A3E91001C6D6FD2005FC651 /* Build configuration list for PBXNativeTarget "SplitCalc" */;
			buildPhases = (
				2A3E90D41C6D6FD2005FC651 /* Sources */,
				2A3E90D51C6D6FD2005FC651 /* Frameworks */,
				2A3E90D61C6D6FD2005FC651 /* Resources */,
			);
			buildRules = (
			);
			dependencies = (
			);
			name = SplitCalc;
			productName = SplitCalc;
			productReference = 2A3E90D81C6D6FD2005FC651 /* SplitCalc.app */;
			productType = "com.apple.product-type.application";
		};
		2A3E90EB1C6D6FD2005FC651 /* SplitCalcTests */ = {
			isa = PBXNativeTarget;
			buildConfigurationList = 2A3E91031C6D6FD2005FC651 /* Build configuration list for PBXNativeTarget "SplitCalcTests" */;
			buildPhases = (
				2A3E90E81C6D6FD2005FC651 /* Sources */,
				2A3E90E91C6D6FD2005FC651 /* Frameworks */,
				2A3E90EA1C6D6FD2005FC651 /* Resources */,
			);
			buildRules = (
			);
			dependencies = (
				2A3E90EE1C6D6FD2005FC651 /* PBXTargetDependency */,
			);
			name = SplitCalcTests;
			productName = SplitCalcTests;
			productReference = 2A3E90EC1C6D6FD2005FC651 /* SplitCalcTests.xctest */;
			productType = "com.apple.product-type.bundle.unit-test";
		};
		2A3E90F61C6D6FD2005FC651 /* SplitCalcUITests */ = {
			isa = PBXNativeTarget;
			buildConfigurationList = 2A3E91061C6D6FD2005FC651 /* Build configuration list for PBXNativeTarget "SplitCalcUITests" */;
			buildPhases = (
				2A3E90F31C6D6FD2005FC651 /* Sources */,
				2A3E90F41C6D6FD2005FC651 /* Frameworks */,
				2A3E90F51C6D6FD2005FC651 /* Resources */,
			);
			buildRules = (
			);
			dependencies = (
				2A3E90F91C6D6FD2005FC651 /* PBXTargetDependency */,
			);
			name = SplitCalcUITests;
			productName = SplitCalcUITests;
			productReference = 2A3E90F71C6D6FD2005FC651 /* SplitCalcUITests.xctest */;
			productType = "com.apple.product-type.bundle.ui-testing";
		};
/* End PBXNativeTarget section */

/* Begin PBXProject section */
		2A3E90D01C6D6FD2005FC651 /* Project object */ = {
			isa = PBXProject;
			attributes = {
				LastSwiftUpdateCheck = 0720;
				LastUpgradeCheck = 0720;
				ORGANIZATIONNAME = "黒澤清和";
				TargetAttributes = {
					2A3E90D71C6D6FD2005FC651 = {
						CreatedOnToolsVersion = 7.2.1;
					};
					2A3E90EB1C6D6FD2005FC651 = {
						CreatedOnToolsVersion = 7.2.1;
						TestTargetID = 2A3E90D71C6D6FD2005FC651;
					};
					2A3E90F61C6D6FD2005FC651 = {
						CreatedOnToolsVersion = 7.2.1;
						TestTargetID = 2A3E90D71C6D6FD2005FC651;
					};
				};
			};
			buildConfigurationList = 2A3E90D31C6D6FD2005FC651 /* Build configuration list for PBXProject "SplitCalc" */;
			compatibilityVersion = "Xcode 3.2";
			developmentRegion = English;
			hasScannedForEncodings = 0;
			knownRegions = (
				en,
				Base,
			);
			mainGroup = 2A3E90CF1C6D6FD2005FC651;
			productRefGroup = 2A3E90D91C6D6FD2005FC651 /* Products */;
			projectDirPath = "";
			projectRoot = "";
			targets = (
				2A3E90D71C6D6FD2005FC651 /* SplitCalc */,
				2A3E90EB1C6D6FD2005FC651 /* SplitCalcTests */,
				2A3E90F61C6D6FD2005FC651 /* SplitCalcUITests */,
			);
		};
/* End PBXProject section */

/* Begin PBXResourcesBuildPhase section */
		2A3E90D61C6D6FD2005FC651 /* Resources */ = {
			isa = PBXResourcesBuildPhase;
			buildActionMask = 2147483647;
			files = (
				2A3E90E61C6D6FD2005FC651 /* LaunchScreen.storyboard in Resources */,
				2A3E90E31C6D6FD2005FC651 /* Assets.xcassets in Resources */,
				2A3E90E11C6D6FD2005FC651 /* Main.storyboard in Resources */,
			);
			runOnlyForDeploymentPostprocessing = 0;
		};
		2A3E90EA1C6D6FD2005FC651 /* Resources */ = {
			isa = PBXResourcesBuildPhase;
			buildActionMask = 2147483647;
			files = (
			);
			runOnlyForDeploymentPostprocessing = 0;
		};
		2A3E90F51C6D6FD2005FC651 /* Resources */ = {
			isa = PBXResourcesBuildPhase;
			buildActionMask = 2147483647;
			files = (
			);
			runOnlyForDeploymentPostprocessing = 0;
		};
/* End PBXResourcesBuildPhase section */

/* Begin PBXSourcesBuildPhase section */
		2A3E90D41C6D6FD2005FC651 /* Sources */ = {
			isa = PBXSourcesBuildPhase;
			buildActionMask = 2147483647;
			files = (
				2A3E90DE1C6D6FD2005FC651 /* ViewController.swift in Sources */,
				2A3E90DC1C6D6FD2005FC651 /* AppDelegate.swift in Sources */,
			);
			runOnlyForDeploymentPostprocessing = 0;
		};
		2A3E90E81C6D6FD2005FC651 /* Sources */ = {
			isa = PBXSourcesBuildPhase;
			buildActionMask = 2147483647;
			files = (
				2A3E90F11C6D6FD2005FC651 /* SplitCalcTests.swift in Sources */,
			);
			runOnlyForDeploymentPostprocessing = 0;
		};
		2A3E90F31C6D6FD2005FC651 /* Sources */ = {
			isa = PBXSourcesBuildPhase;
			buildActionMask = 2147483647;
			files = (
				2A3E90FC1C6D6FD2005FC651 /* SplitCalcUITests.swift in Sources */,
			);
			runOnlyForDeploymentPostprocessing = 0;
		};
/* End PBXSourcesBuildPhase section */

/* Begin PBXTargetDependency section */
		2A3E90EE1C6D6FD2005FC651 /* PBXTargetDependency */ = {
			isa = PBXTargetDependency;
			target = 2A3E90D71C6D6FD2005FC651 /* SplitCalc */;
			targetProxy = 2A3E90ED1C6D6FD2005FC651 /* PBXContainerItemProxy */;
		};
		2A3E90F91C6D6FD2005FC651 /* PBXTargetDependency */ = {
			isa = PBXTargetDependency;
			target = 2A3E90D71C6D6FD2005FC651 /* SplitCalc */;
			targetProxy = 2A3E90F81C6D6FD2005FC651 /* PBXContainerItemProxy */;
		};
/* End PBXTargetDependency section */

/* Begin PBXVariantGroup section */
		2A3E90DF1C6D6FD2005FC651 /* Main.storyboard */ = {
			isa = PBXVariantGroup;
			children = (
				2A3E90E01C6D6FD2005FC651 /* Base */,
			);
			name = Main.storyboard;
			sourceTree = "<group>";
		};
		2A3E90E41C6D6FD2005FC651 /* LaunchScreen.storyboard */ = {
			isa = PBXVariantGroup;
			children = (
				2A3E90E51C6D6FD2005FC651 /* Base */,
			);
			name = LaunchScreen.storyboard;
			sourceTree = "<group>";
		};
/* End PBXVariantGroup section */

/* Begin XCBuildConfiguration section */
		2A3E90FE1C6D6FD2005FC651 /* Debug */ = {
			isa = XCBuildConfiguration;
			buildSettings = {
				ALWAYS_SEARCH_USER_PATHS = NO;
				CLANG_CXX_LANGUAGE_STANDARD = "gnu++0x";
				CLANG_CXX_LIBRARY = "libc++";
				CLANG_ENABLE_MODULES = YES;
				CLANG_ENABLE_OBJC_ARC = YES;
				CLANG_WARN_BOOL_CONVERSION = YES;
				CLANG_WARN_CONSTANT_CONVERSION = YES;
				CLANG_WARN_DIRECT_OBJC_ISA_USAGE = YES_ERROR;
				CLANG_WARN_EMPTY_BODY = YES;
				CLANG_WARN_ENUM_CONVERSION = YES;
				CLANG_WARN_INT_CONVERSION = YES;
				CLANG_WARN_OBJC_ROOT_CLASS = YES_ERROR;
				CLANG_WARN_UNREACHABLE_CODE = YES;
				CLANG_WARN__DUPLICATE_METHOD_MATCH = YES;
				"CODE_SIGN_IDENTITY[sdk=iphoneos*]" = "iPhone Developer";
				COPY_PHASE_STRIP = NO;
				DEBUG_INFORMATION_FORMAT = dwarf;
				ENABLE_STRICT_OBJC_MSGSEND = YES;
				ENABLE_TESTABILITY = YES;
				GCC_C_LANGUAGE_STANDARD = gnu99;
				GCC_DYNAMIC_NO_PIC = NO;
				GCC_NO_COMMON_BLOCKS = YES;
				GCC_OPTIMIZATION_LEVEL = 0;
				GCC_PREPROCESSOR_DEFINITIONS = (
					"DEBUG=1",
					"$(inherited)",
				);
				GCC_WARN_64_TO_32_BIT_CONVERSION = YES;
				GCC_WARN_ABOUT_RETURN_TYPE = YES_ERROR;
				GCC_WARN_UNDECLARED_SELECTOR = YES;
				GCC_WARN_UNINITIALIZED_AUTOS = YES_AGGRESSIVE;
				GCC_WARN_UNUSED_FUNCTION = YES;
				GCC_WARN_UNUSED_VARIABLE = YES;
				IPHONEOS_DEPLOYMENT_TARGET = 9.2;
				MTL_ENABLE_DEBUG_INFO = YES;
				ONLY_ACTIVE_ARCH = YES;
				SDKROOT = iphoneos;
				SWIFT_OPTIMIZATION_LEVEL = "-Onone";
				TARGETED_DEVICE_FAMILY = "1,2";
			};
			name = Debug;
		};
		2A3E90FF1C6D6FD2005FC651 /* Release */ = {
			isa = XCBuildConfiguration;
			buildSettings = {
				ALWAYS_SEARCH_USER_PATHS = NO;
				CLANG_CXX_LANGUAGE_STANDARD = "gnu++0x";
				CLANG_CXX_LIBRARY = "libc++";
				CLANG_ENABLE_MODULES = YES;
				CLANG_ENABLE_OBJC_ARC = YES;
				CLANG_WARN_BOOL_CONVERSION = YES;
				CLANG_WARN_CONSTANT_CONVERSION = YES;
				CLANG_WARN_DIRECT_OBJC_ISA_USAGE = YES_ERROR;
				CLANG_WARN_EMPTY_BODY = YES;
				CLANG_WARN_ENUM_CONVERSION = YES;
				CLANG_WARN_INT_CONVERSION = YES;
				CLANG_WARN_OBJC_ROOT_CLASS = YES_ERROR;
				CLANG_WARN_UNREACHABLE_CODE = YES;
				CLANG_WARN__DUPLICATE_METHOD_MATCH = YES;
				"CODE_SIGN_IDENTITY[sdk=iphoneos*]" = "iPhone Developer";
				COPY_PHASE_STRIP = NO;
				DEBUG_INFORMATION_FORMAT = "dwarf-with-dsym";
				ENABLE_NS_ASSERTIONS = NO;
				ENABLE_STRICT_OBJC_MSGSEND = YES;
				GCC_C_LANGUAGE_STANDARD = gnu99;
				GCC_NO_COMMON_BLOCKS = YES;
				GCC_WARN_64_TO_32_BIT_CONVERSION = YES;
				GCC_WARN_ABOUT_RETURN_TYPE = YES_ERROR;
				GCC_WARN_UNDECLARED_SELECTOR = YES;
				GCC_WARN_UNINITIALIZED_AUTOS = YES_AGGRESSIVE;
				GCC_WARN_UNUSED_FUNCTION = YES;
				GCC_WARN_UNUSED_VARIABLE = YES;
				IPHONEOS_DEPLOYMENT_TARGET = 9.2;
				MTL_ENABLE_DEBUG_INFO = NO;
				SDKROOT = iphoneos;
				TARGETED_DEVICE_FAMILY = "1,2";
				VALIDATE_PRODUCT = YES;
			};
			name = Release;
		};
		2A3E91011C6D6FD2005FC651 /* Debug */ = {
			isa = XCBuildConfiguration;
			buildSettings = {
				ASSETCATALOG_COMPILER_APPICON_NAME = AppIcon;
				INFOPLIST_FILE = SplitCalc/Info.plist;
				LD_RUNPATH_SEARCH_PATHS = "$(inherited) @executable_path/Frameworks";
				PRODUCT_BUNDLE_IDENTIFIER = com.kiyokuro.SplitCalc;
				PRODUCT_NAME = "$(TARGET_NAME)";
			};
			name = Debug;
		};
		2A3E91021C6D6FD2005FC651 /* Release */ = {
			isa = XCBuildConfiguration;
			buildSettings = {
				ASSETCATALOG_COMPILER_APPICON_NAME = AppIcon;
				INFOPLIST_FILE = SplitCalc/Info.plist;
				LD_RUNPATH_SEARCH_PATHS = "$(inherited) @executable_path/Frameworks";
				PRODUCT_BUNDLE_IDENTIFIER = com.kiyokuro.SplitCalc;
				PRODUCT_NAME = "$(TARGET_NAME)";
			};
			name = Release;
		};
		2A3E91041C6D6FD2005FC651 /* Debug */ = {
			isa = XCBuildConfiguration;
			buildSettings = {
				BUNDLE_LOADER = "$(TEST_HOST)";
				INFOPLIST_FILE = SplitCalcTests/Info.plist;
				LD_RUNPATH_SEARCH_PATHS = "$(inherited) @executable_path/Frameworks @loader_path/Frameworks";
				PRODUCT_BUNDLE_IDENTIFIER = com.kiyokuro.SplitCalcTests;
				PRODUCT_NAME = "$(TARGET_NAME)";
				TEST_HOST = "$(BUILT_PRODUCTS_DIR)/SplitCalc.app/SplitCalc";
			};
			name = Debug;
		};
		2A3E91051C6D6FD2005FC651 /* Release */ = {
			isa = XCBuildConfiguration;
			buildSettings = {
				BUNDLE_LOADER = "$(TEST_HOST)";
				INFOPLIST_FILE = SplitCalcTests/Info.plist;
				LD_RUNPATH_SEARCH_PATHS = "$(inherited) @executable_path/Frameworks @loader_path/Frameworks";
				PRODUCT_BUNDLE_IDENTIFIER = com.kiyokuro.SplitCalcTests;
				PRODUCT_NAME = "$(TARGET_NAME)";
				TEST_HOST = "$(BUILT_PRODUCTS_DIR)/SplitCalc.app/SplitCalc";
			};
			name = Release;
		};
		2A3E91071C6D6FD2005FC651 /* Debug */ = {
			isa = XCBuildConfiguration;
			buildSettings = {
				INFOPLIST_FILE = SplitCalcUITests/Info.plist;
				LD_RUNPATH_SEARCH_PATHS = "$(inherited) @executable_path/Frameworks @loader_path/Frameworks";
				PRODUCT_BUNDLE_IDENTIFIER = com.kiyokuro.SplitCalcUITests;
				PRODUCT_NAME = "$(TARGET_NAME)";
				TEST_TARGET_NAME = SplitCalc;
				USES_XCTRUNNER = YES;
			};
			name = Debug;
		};
		2A3E91081C6D6FD2005FC651 /* Release */ = {
			isa = XCBuildConfiguration;
			buildSettings = {
				INFOPLIST_FILE = SplitCalcUITests/Info.plist;
				LD_RUNPATH_SEARCH_PATHS = "$(inherited) @executable_path/Frameworks @loader_path/Frameworks";
				PRODUCT_BUNDLE_IDENTIFIER = com.kiyokuro.SplitCalcUITests;
				PRODUCT_NAME = "$(TARGET_NAME)";
				TEST_TARGET_NAME = SplitCalc;
				USES_XCTRUNNER = YES;
			};
			name = Release;
		};
/* End XCBuildConfiguration section */

/* Begin XCConfigurationList section */
		2A3E90D31C6D6FD2005FC651 /* Build configuration list for PBXProject "SplitCalc" */ = {
			isa = XCConfigurationList;
			buildConfigurations = (
				2A3E90FE1C6D6FD2005FC651 /* Debug */,
				2A3E90FF1C6D6FD2005FC651 /* Release */,
			);
			defaultConfigurationIsVisible = 0;
			defaultConfigurationName = Release;
		};
		2A3E91001C6D6FD2005FC651 /* Build configuration list for PBXNativeTarget "SplitCalc" */ = {
			isa = XCConfigurationList;
			buildConfigurations = (
				2A3E91011C6D6FD2005FC651 /* Debug */,
				2A3E91021C6D6FD2005FC651 /* Release */,
			);
			defaultConfigurationIsVisible = 0;
		};
		2A3E91031C6D6FD2005FC651 /* Build configuration list for PBXNativeTarget "SplitCalcTests" */ = {
			isa = XCConfigurationList;
			buildConfigurations = (
				2A3E91041C6D6FD2005FC651 /* Debug */,
				2A3E91051C6D6FD2005FC651 /* Release */,
			);
			defaultConfigurationIsVisible = 0;
		};
		2A3E91061C6D6FD2005FC651 /* Build configuration list for PBXNativeTarget "SplitCalcUITests" */ = {
			isa = XCConfigurationList;
			buildConfigurations = (
				2A3E91071C6D6FD2005FC651 /* Debug */,
				2A3E91081C6D6FD2005FC651 /* Release */,
			);
			defaultConfigurationIsVisible = 0;
		};
/* End XCConfigurationList section */
	};
	rootObject = 2A3E90D01C6D6FD2005FC651 /* Project object */;
}
